// !$*UTF8*$!
{
	archiveVersion = 1;
	classes = {
	};
	objectVersion = 48;
	objects = {

/* Begin PBXBuildFile section */
		2000D0171EFF017C0057DB9E /* intro.mp4 in Resources */ = {isa = PBXBuildFile; fileRef = 2000D0161EFF017C0057DB9E /* intro.mp4 */; };
		2000D0191EFF026E0057DB9E /* intronew.mp4 in Resources */ = {isa = PBXBuildFile; fileRef = 2000D0181EFF026E0057DB9E /* intronew.mp4 */; };
		200E234D1EEEF48D00DAA97F /* ProgressView.swift in Sources */ = {isa = PBXBuildFile; fileRef = 200E234C1EEEF48D00DAA97F /* ProgressView.swift */; };
		20289A271EF81AA500DF6A0E /* PrizeViewController.swift in Sources */ = {isa = PBXBuildFile; fileRef = 20289A261EF81AA500DF6A0E /* PrizeViewController.swift */; };
		20289A291EF822C000DF6A0E /* redeemButton@2x.png in Resources */ = {isa = PBXBuildFile; fileRef = 20289A281EF822C000DF6A0E /* redeemButton@2x.png */; };
		20289A361EF82E7200DF6A0E /* wedge2.png in Resources */ = {isa = PBXBuildFile; fileRef = 20289A2A1EF82E7100DF6A0E /* wedge2.png */; };
		20289A371EF82E7200DF6A0E /* wedge7.png in Resources */ = {isa = PBXBuildFile; fileRef = 20289A2B1EF82E7100DF6A0E /* wedge7.png */; };
		20289A381EF82E7200DF6A0E /* wedge5.png in Resources */ = {isa = PBXBuildFile; fileRef = 20289A2C1EF82E7100DF6A0E /* wedge5.png */; };
		20289A391EF82E7200DF6A0E /* wedge6.png in Resources */ = {isa = PBXBuildFile; fileRef = 20289A2D1EF82E7100DF6A0E /* wedge6.png */; };
		20289A3A1EF82E7200DF6A0E /* wedge4.png in Resources */ = {isa = PBXBuildFile; fileRef = 20289A2E1EF82E7100DF6A0E /* wedge4.png */; };
		20289A3B1EF82E7200DF6A0E /* wedge0.png in Resources */ = {isa = PBXBuildFile; fileRef = 20289A2F1EF82E7100DF6A0E /* wedge0.png */; };
		20289A3C1EF82E7200DF6A0E /* wedge3.png in Resources */ = {isa = PBXBuildFile; fileRef = 20289A301EF82E7100DF6A0E /* wedge3.png */; };
		20289A3D1EF82E7200DF6A0E /* wedge10.png in Resources */ = {isa = PBXBuildFile; fileRef = 20289A311EF82E7100DF6A0E /* wedge10.png */; };
		20289A3E1EF82E7200DF6A0E /* wedge9.png in Resources */ = {isa = PBXBuildFile; fileRef = 20289A321EF82E7200DF6A0E /* wedge9.png */; };
		20289A3F1EF82E7200DF6A0E /* wedge1.png in Resources */ = {isa = PBXBuildFile; fileRef = 20289A331EF82E7200DF6A0E /* wedge1.png */; };
		20289A401EF82E7200DF6A0E /* wedge11.png in Resources */ = {isa = PBXBuildFile; fileRef = 20289A341EF82E7200DF6A0E /* wedge11.png */; };
		20289A411EF82E7200DF6A0E /* wedge8.png in Resources */ = {isa = PBXBuildFile; fileRef = 20289A351EF82E7200DF6A0E /* wedge8.png */; };
		20630A051EF18927001A2A77 /* 1and7.wav in Resources */ = {isa = PBXBuildFile; fileRef = 206309FF1EF18927001A2A77 /* 1and7.wav */; };
		20630A061EF18927001A2A77 /* 3and9.wav in Resources */ = {isa = PBXBuildFile; fileRef = 20630A001EF18927001A2A77 /* 3and9.wav */; };
		20630A071EF18927001A2A77 /* 6and11.wav in Resources */ = {isa = PBXBuildFile; fileRef = 20630A011EF18927001A2A77 /* 6and11.wav */; };
		20630A081EF18927001A2A77 /* 4and10.wav in Resources */ = {isa = PBXBuildFile; fileRef = 20630A021EF18927001A2A77 /* 4and10.wav */; };
		20630A091EF18927001A2A77 /* 2and8.wav in Resources */ = {isa = PBXBuildFile; fileRef = 20630A031EF18927001A2A77 /* 2and8.wav */; };
		20630A0A1EF18927001A2A77 /* 7and12.wav in Resources */ = {isa = PBXBuildFile; fileRef = 20630A041EF18927001A2A77 /* 7and12.wav */; };
		206C1C351EEAE642000CFBCE /* star@x.png in Resources */ = {isa = PBXBuildFile; fileRef = 206C1C331EEAE642000CFBCE /* star@x.png */; };
		206C1C361EEAE642000CFBCE /* arrowGold@2x.png in Resources */ = {isa = PBXBuildFile; fileRef = 206C1C341EEAE642000CFBCE /* arrowGold@2x.png */; };
		206C1C3F1EEB0240000CFBCE /* DealView.xib in Resources */ = {isa = PBXBuildFile; fileRef = 206C1C3E1EEB0240000CFBCE /* DealView.xib */; };
		206C1C411EEB0460000CFBCE /* DealView.swift in Sources */ = {isa = PBXBuildFile; fileRef = 206C1C401EEB0460000CFBCE /* DealView.swift */; };
		206C1C431EEB1394000CFBCE /* wedge@2x.png in Resources */ = {isa = PBXBuildFile; fileRef = 206C1C421EEB1394000CFBCE /* wedge@2x.png */; };
		20909CE91F01D33400FF0914 /* topLogo@2x.png in Resources */ = {isa = PBXBuildFile; fileRef = 20909CE81F01D33300FF0914 /* topLogo@2x.png */; };
		20912F071EE8E480009AE0B1 /* tick.mp3 in Resources */ = {isa = PBXBuildFile; fileRef = 20912F061EE8E480009AE0B1 /* tick.mp3 */; };
		20AB17AB1EF027250007310A /* AudioManager.swift in Sources */ = {isa = PBXBuildFile; fileRef = 20AB17AA1EF027250007310A /* AudioManager.swift */; };
		20AB17B31EF0471F0007310A /* DealViewController.swift in Sources */ = {isa = PBXBuildFile; fileRef = 20AB17B21EF0471F0007310A /* DealViewController.swift */; };
		20AB17B51EF049F70007310A /* main.wav in Resources */ = {isa = PBXBuildFile; fileRef = 20AB17B41EF049F70007310A /* main.wav */; };
		20AB17B71EF052740007310A /* DataManager.swift in Sources */ = {isa = PBXBuildFile; fileRef = 20AB17B61EF052740007310A /* DataManager.swift */; };
		20B6F8641EF4852200DFC854 /* SignupRewardView.swift in Sources */ = {isa = PBXBuildFile; fileRef = 20B6F8631EF4852200DFC854 /* SignupRewardView.swift */; };
		20B6F8661EF4879200DFC854 /* SignupRewardView.xib in Resources */ = {isa = PBXBuildFile; fileRef = 20B6F8651EF4879200DFC854 /* SignupRewardView.xib */; };
		20D086A31F0E9107005DF5FC /* kanye.wav in Resources */ = {isa = PBXBuildFile; fileRef = 20D086A21F0E9107005DF5FC /* kanye.wav */; };
		20DED38C1EF96850001A5784 /* PrizewheelViewController.swift in Sources */ = {isa = PBXBuildFile; fileRef = 20DED38B1EF96850001A5784 /* PrizewheelViewController.swift */; };
		20DFB9521EE72097009462CA /* AppDelegate.swift in Sources */ = {isa = PBXBuildFile; fileRef = 20DFB9511EE72097009462CA /* AppDelegate.swift */; };
		20DFB9571EE72097009462CA /* Main.storyboard in Resources */ = {isa = PBXBuildFile; fileRef = 20DFB9551EE72097009462CA /* Main.storyboard */; };
		20DFB9591EE72097009462CA /* Assets.xcassets in Resources */ = {isa = PBXBuildFile; fileRef = 20DFB9581EE72097009462CA /* Assets.xcassets */; };
		20DFB95C1EE72097009462CA /* LaunchScreen.storyboard in Resources */ = {isa = PBXBuildFile; fileRef = 20DFB95A1EE72097009462CA /* LaunchScreen.storyboard */; };
		20DFB9661EE72132009462CA /* SpinwheelViewController.swift in Sources */ = {isa = PBXBuildFile; fileRef = 20DFB9651EE72132009462CA /* SpinwheelViewController.swift */; };
		20DFB9681EE72155009462CA /* DealwheelMisc in Resources */ = {isa = PBXBuildFile; fileRef = 20DFB9671EE72155009462CA /* DealwheelMisc */; };
		20DFB96E1EE721D1009462CA /* templogo.png in Resources */ = {isa = PBXBuildFile; fileRef = 20DFB96B1EE721D0009462CA /* templogo.png */; };
		20DFB96F1EE721D1009462CA /* bkg.jpg in Resources */ = {isa = PBXBuildFile; fileRef = 20DFB96C1EE721D0009462CA /* bkg.jpg */; };
		20DFB9701EE721D1009462CA /* tempwheel.png in Resources */ = {isa = PBXBuildFile; fileRef = 20DFB96D1EE721D0009462CA /* tempwheel.png */; };
		20DFB9721EE72245009462CA /* fblogin.png in Resources */ = {isa = PBXBuildFile; fileRef = 20DFB9711EE72245009462CA /* fblogin.png */; };
		20DFB9761EE7433F009462CA /* LoginViewController.swift in Sources */ = {isa = PBXBuildFile; fileRef = 20DFB9751EE7433F009462CA /* LoginViewController.swift */; };
		20F423671F02DF6800E8DBBE /* Default-568h@2x.png.png in Resources */ = {isa = PBXBuildFile; fileRef = 20F423661F02DF6800E8DBBE /* Default-568h@2x.png.png */; };
		20F4D2E81EFC509E00415971 /* spin.wav in Resources */ = {isa = PBXBuildFile; fileRef = 20F4D2E71EFC509D00415971 /* spin.wav */; };
		20F97F161EE9DAC20008D13E /* budmo.ttf in Resources */ = {isa = PBXBuildFile; fileRef = 20F97F151EE9DAC20008D13E /* budmo.ttf */; };
		20F980521F0BFFA300E15DD5 /* InstructionsView.swift in Sources */ = {isa = PBXBuildFile; fileRef = 20F980511F0BFFA300E15DD5 /* InstructionsView.swift */; };
		20F980551F0C187000E15DD5 /* tutorial.png in Resources */ = {isa = PBXBuildFile; fileRef = 20F980541F0C187000E15DD5 /* tutorial.png */; };
		20F980571F0C189900E15DD5 /* TutorialViewController.swift in Sources */ = {isa = PBXBuildFile; fileRef = 20F980561F0C189900E15DD5 /* TutorialViewController.swift */; };
		F4602C16C2DF9E9BB9D80296 /* Pods_Dealwheel.framework in Frameworks */ = {isa = PBXBuildFile; fileRef = 5B7A2FB03049FD56B44D388C /* Pods_Dealwheel.framework */; };
/* End PBXBuildFile section */

/* Begin PBXFileReference section */
		2000D0161EFF017C0057DB9E /* intro.mp4 */ = {isa = PBXFileReference; lastKnownFileType = file; name = intro.mp4; path = ../../Misc/intro.mp4; sourceTree = "<group>"; };
		2000D0181EFF026E0057DB9E /* intronew.mp4 */ = {isa = PBXFileReference; lastKnownFileType = file; name = intronew.mp4; path = ../../../Misc/intronew.mp4; sourceTree = "<group>"; };
		200E234C1EEEF48D00DAA97F /* ProgressView.swift */ = {isa = PBXFileReference; lastKnownFileType = sourcecode.swift; path = ProgressView.swift; sourceTree = "<group>"; };
		20289A261EF81AA500DF6A0E /* PrizeViewController.swift */ = {isa = PBXFileReference; lastKnownFileType = sourcecode.swift; path = PrizeViewController.swift; sourceTree = "<group>"; };
		20289A281EF822C000DF6A0E /* redeemButton@2x.png */ = {isa = PBXFileReference; lastKnownFileType = image.png; name = "redeemButton@2x.png"; path = "../../../Design/redeemButton@2x.png"; sourceTree = "<group>"; };
		20289A2A1EF82E7100DF6A0E /* wedge2.png */ = {isa = PBXFileReference; lastKnownFileType = image.png; name = wedge2.png; path = ../../../../../../../Downloads/All12files/wedge2.png; sourceTree = "<group>"; };
		20289A2B1EF82E7100DF6A0E /* wedge7.png */ = {isa = PBXFileReference; lastKnownFileType = image.png; name = wedge7.png; path = ../../../../../../../Downloads/All12files/wedge7.png; sourceTree = "<group>"; };
		20289A2C1EF82E7100DF6A0E /* wedge5.png */ = {isa = PBXFileReference; lastKnownFileType = image.png; name = wedge5.png; path = ../../../../../../../Downloads/All12files/wedge5.png; sourceTree = "<group>"; };
		20289A2D1EF82E7100DF6A0E /* wedge6.png */ = {isa = PBXFileReference; lastKnownFileType = image.png; name = wedge6.png; path = ../../../../../../../Downloads/All12files/wedge6.png; sourceTree = "<group>"; };
		20289A2E1EF82E7100DF6A0E /* wedge4.png */ = {isa = PBXFileReference; lastKnownFileType = image.png; name = wedge4.png; path = ../../../../../../../Downloads/All12files/wedge4.png; sourceTree = "<group>"; };
		20289A2F1EF82E7100DF6A0E /* wedge0.png */ = {isa = PBXFileReference; lastKnownFileType = image.png; name = wedge0.png; path = ../../../../../../../Downloads/All12files/wedge0.png; sourceTree = "<group>"; };
		20289A301EF82E7100DF6A0E /* wedge3.png */ = {isa = PBXFileReference; lastKnownFileType = image.png; name = wedge3.png; path = ../../../../../../../Downloads/All12files/wedge3.png; sourceTree = "<group>"; };
		20289A311EF82E7100DF6A0E /* wedge10.png */ = {isa = PBXFileReference; lastKnownFileType = image.png; name = wedge10.png; path = ../../../../../../../Downloads/All12files/wedge10.png; sourceTree = "<group>"; };
		20289A321EF82E7200DF6A0E /* wedge9.png */ = {isa = PBXFileReference; lastKnownFileType = image.png; name = wedge9.png; path = ../../../../../../../Downloads/All12files/wedge9.png; sourceTree = "<group>"; };
		20289A331EF82E7200DF6A0E /* wedge1.png */ = {isa = PBXFileReference; lastKnownFileType = image.png; name = wedge1.png; path = ../../../../../../../Downloads/All12files/wedge1.png; sourceTree = "<group>"; };
		20289A341EF82E7200DF6A0E /* wedge11.png */ = {isa = PBXFileReference; lastKnownFileType = image.png; name = wedge11.png; path = ../../../../../../../Downloads/All12files/wedge11.png; sourceTree = "<group>"; };
		20289A351EF82E7200DF6A0E /* wedge8.png */ = {isa = PBXFileReference; lastKnownFileType = image.png; name = wedge8.png; path = ../../../../../../../Downloads/All12files/wedge8.png; sourceTree = "<group>"; };
		204B0A271EE86FD9000C6D3D /* Dealwheel.entitlements */ = {isa = PBXFileReference; lastKnownFileType = text.plist.entitlements; path = Dealwheel.entitlements; sourceTree = "<group>"; };
		206309FF1EF18927001A2A77 /* 1and7.wav */ = {isa = PBXFileReference; lastKnownFileType = audio.wav; name = 1and7.wav; path = ../../../../../../../Downloads/1and7.wav; sourceTree = "<group>"; };
		20630A001EF18927001A2A77 /* 3and9.wav */ = {isa = PBXFileReference; lastKnownFileType = audio.wav; name = 3and9.wav; path = ../../../../../../../Downloads/3and9.wav; sourceTree = "<group>"; };
		20630A011EF18927001A2A77 /* 6and11.wav */ = {isa = PBXFileReference; lastKnownFileType = audio.wav; name = 6and11.wav; path = ../../../../../../../Downloads/6and11.wav; sourceTree = "<group>"; };
		20630A021EF18927001A2A77 /* 4and10.wav */ = {isa = PBXFileReference; lastKnownFileType = audio.wav; name = 4and10.wav; path = ../../../../../../../Downloads/4and10.wav; sourceTree = "<group>"; };
		20630A031EF18927001A2A77 /* 2and8.wav */ = {isa = PBXFileReference; lastKnownFileType = audio.wav; name = 2and8.wav; path = ../../../../../../../Downloads/2and8.wav; sourceTree = "<group>"; };
		20630A041EF18927001A2A77 /* 7and12.wav */ = {isa = PBXFileReference; lastKnownFileType = audio.wav; name = 7and12.wav; path = ../../../../../../../Downloads/7and12.wav; sourceTree = "<group>"; };
		206C1C331EEAE642000CFBCE /* star@x.png */ = {isa = PBXFileReference; lastKnownFileType = image.png; name = "star@x.png"; path = "../../../Design/star@x.png"; sourceTree = "<group>"; };
		206C1C341EEAE642000CFBCE /* arrowGold@2x.png */ = {isa = PBXFileReference; lastKnownFileType = image.png; name = "arrowGold@2x.png"; path = "../../../Design/arrowGold@2x.png"; sourceTree = "<group>"; };
		206C1C3E1EEB0240000CFBCE /* DealView.xib */ = {isa = PBXFileReference; lastKnownFileType = file.xib; path = DealView.xib; sourceTree = "<group>"; };
		206C1C401EEB0460000CFBCE /* DealView.swift */ = {isa = PBXFileReference; lastKnownFileType = sourcecode.swift; path = DealView.swift; sourceTree = "<group>"; };
		206C1C421EEB1394000CFBCE /* wedge@2x.png */ = {isa = PBXFileReference; lastKnownFileType = image.png; name = "wedge@2x.png"; path = "../../../Design/wedge@2x.png"; sourceTree = "<group>"; };
		20909CE81F01D33300FF0914 /* topLogo@2x.png */ = {isa = PBXFileReference; lastKnownFileType = image.png; name = "topLogo@2x.png"; path = "../../../Design/topLogo@2x.png"; sourceTree = "<group>"; };
		20912F061EE8E480009AE0B1 /* tick.mp3 */ = {isa = PBXFileReference; lastKnownFileType = audio.mp3; path = tick.mp3; sourceTree = "<group>"; };
		20AB17AA1EF027250007310A /* AudioManager.swift */ = {isa = PBXFileReference; lastKnownFileType = sourcecode.swift; path = AudioManager.swift; sourceTree = "<group>"; };
		20AB17B21EF0471F0007310A /* DealViewController.swift */ = {isa = PBXFileReference; lastKnownFileType = sourcecode.swift; path = DealViewController.swift; sourceTree = "<group>"; };
		20AB17B41EF049F70007310A /* main.wav */ = {isa = PBXFileReference; lastKnownFileType = audio.wav; name = main.wav; path = ../../../../../../../Downloads/main.wav; sourceTree = "<group>"; };
		20AB17B61EF052740007310A /* DataManager.swift */ = {isa = PBXFileReference; lastKnownFileType = sourcecode.swift; path = DataManager.swift; sourceTree = "<group>"; };
		20B6F8631EF4852200DFC854 /* SignupRewardView.swift */ = {isa = PBXFileReference; lastKnownFileType = sourcecode.swift; path = SignupRewardView.swift; sourceTree = "<group>"; };
		20B6F8651EF4879200DFC854 /* SignupRewardView.xib */ = {isa = PBXFileReference; lastKnownFileType = file.xib; path = SignupRewardView.xib; sourceTree = "<group>"; };
		20D086A21F0E9107005DF5FC /* kanye.wav */ = {isa = PBXFileReference; lastKnownFileType = audio.wav; path = kanye.wav; sourceTree = "<group>"; };
		20DED38B1EF96850001A5784 /* PrizewheelViewController.swift */ = {isa = PBXFileReference; lastKnownFileType = sourcecode.swift; path = PrizewheelViewController.swift; sourceTree = "<group>"; };
		20DFB94E1EE72097009462CA /* Dealwheel.app */ = {isa = PBXFileReference; explicitFileType = wrapper.application; includeInIndex = 0; path = Dealwheel.app; sourceTree = BUILT_PRODUCTS_DIR; };
		20DFB9511EE72097009462CA /* AppDelegate.swift */ = {isa = PBXFileReference; lastKnownFileType = sourcecode.swift; path = AppDelegate.swift; sourceTree = "<group>"; };
		20DFB9561EE72097009462CA /* Base */ = {isa = PBXFileReference; lastKnownFileType = file.storyboard; name = Base; path = Base.lproj/Main.storyboard; sourceTree = "<group>"; };
		20DFB9581EE72097009462CA /* Assets.xcassets */ = {isa = PBXFileReference; lastKnownFileType = folder.assetcatalog; path = Assets.xcassets; sourceTree = "<group>"; };
		20DFB95B1EE72097009462CA /* Base */ = {isa = PBXFileReference; lastKnownFileType = file.storyboard; name = Base; path = Base.lproj/LaunchScreen.storyboard; sourceTree = "<group>"; };
		20DFB95D1EE72097009462CA /* Info.plist */ = {isa = PBXFileReference; lastKnownFileType = text.plist.xml; path = Info.plist; sourceTree = "<group>"; };
		20DFB9651EE72132009462CA /* SpinwheelViewController.swift */ = {isa = PBXFileReference; lastKnownFileType = sourcecode.swift; path = SpinwheelViewController.swift; sourceTree = "<group>"; };
		20DFB9671EE72155009462CA /* DealwheelMisc */ = {isa = PBXFileReference; lastKnownFileType = text; path = DealwheelMisc; sourceTree = "<group>"; };
		20DFB96B1EE721D0009462CA /* templogo.png */ = {isa = PBXFileReference; lastKnownFileType = image.png; path = templogo.png; sourceTree = "<group>"; };
		20DFB96C1EE721D0009462CA /* bkg.jpg */ = {isa = PBXFileReference; lastKnownFileType = image.jpeg; path = bkg.jpg; sourceTree = "<group>"; };
		20DFB96D1EE721D0009462CA /* tempwheel.png */ = {isa = PBXFileReference; lastKnownFileType = image.png; path = tempwheel.png; sourceTree = "<group>"; };
		20DFB9711EE72245009462CA /* fblogin.png */ = {isa = PBXFileReference; lastKnownFileType = image.png; path = fblogin.png; sourceTree = "<group>"; };
		20DFB9751EE7433F009462CA /* LoginViewController.swift */ = {isa = PBXFileReference; lastKnownFileType = sourcecode.swift; path = LoginViewController.swift; sourceTree = "<group>"; };
		20F423661F02DF6800E8DBBE /* Default-568h@2x.png.png */ = {isa = PBXFileReference; lastKnownFileType = image.png; path = "Default-568h@2x.png.png"; sourceTree = "<group>"; };
		20F4D2E71EFC509D00415971 /* spin.wav */ = {isa = PBXFileReference; lastKnownFileType = audio.wav; name = spin.wav; path = ../../../../../../../Downloads/spin.wav; sourceTree = "<group>"; };
		20F97F151EE9DAC20008D13E /* budmo.ttf */ = {isa = PBXFileReference; lastKnownFileType = file; name = budmo.ttf; path = ../../../../../../../Downloads/budmo/budmo.ttf; sourceTree = "<group>"; };
		20F980511F0BFFA300E15DD5 /* InstructionsView.swift */ = {isa = PBXFileReference; fileEncoding = 4; lastKnownFileType = sourcecode.swift; path = InstructionsView.swift; sourceTree = "<group>"; };
		20F980541F0C187000E15DD5 /* tutorial.png */ = {isa = PBXFileReference; lastKnownFileType = image.png; path = tutorial.png; sourceTree = "<group>"; };
		20F980561F0C189900E15DD5 /* TutorialViewController.swift */ = {isa = PBXFileReference; fileEncoding = 4; lastKnownFileType = sourcecode.swift; path = TutorialViewController.swift; sourceTree = "<group>"; };
		5B7A2FB03049FD56B44D388C /* Pods_Dealwheel.framework */ = {isa = PBXFileReference; explicitFileType = wrapper.framework; includeInIndex = 0; path = Pods_Dealwheel.framework; sourceTree = BUILT_PRODUCTS_DIR; };
		C8035FC775068B25F04C875E /* Pods-Dealwheel.debug.xcconfig */ = {isa = PBXFileReference; includeInIndex = 1; lastKnownFileType = text.xcconfig; name = "Pods-Dealwheel.debug.xcconfig"; path = "Pods/Target Support Files/Pods-Dealwheel/Pods-Dealwheel.debug.xcconfig"; sourceTree = "<group>"; };
		FA917210A3F72F23804A55DF /* Pods-Dealwheel.release.xcconfig */ = {isa = PBXFileReference; includeInIndex = 1; lastKnownFileType = text.xcconfig; name = "Pods-Dealwheel.release.xcconfig"; path = "Pods/Target Support Files/Pods-Dealwheel/Pods-Dealwheel.release.xcconfig"; sourceTree = "<group>"; };
/* End PBXFileReference section */

/* Begin PBXFrameworksBuildPhase section */
		20DFB94B1EE72097009462CA /* Frameworks */ = {
			isa = PBXFrameworksBuildPhase;
			buildActionMask = 2147483647;
			files = (
				F4602C16C2DF9E9BB9D80296 /* Pods_Dealwheel.framework in Frameworks */,
			);
			runOnlyForDeploymentPostprocessing = 0;
		};
/* End PBXFrameworksBuildPhase section */

/* Begin PBXGroup section */
		025C7A291D6400C418ED3603 /* Pods */ = {
			isa = PBXGroup;
			children = (
				C8035FC775068B25F04C875E /* Pods-Dealwheel.debug.xcconfig */,
				FA917210A3F72F23804A55DF /* Pods-Dealwheel.release.xcconfig */,
			);
			name = Pods;
			sourceTree = "<group>";
		};
		10DE76E02C088956E78A624F /* Frameworks */ = {
			isa = PBXGroup;
			children = (
				5B7A2FB03049FD56B44D388C /* Pods_Dealwheel.framework */,
			);
			name = Frameworks;
			sourceTree = "<group>";
		};
		200C4D061EF0584A00A43CEF /* Model */ = {
			isa = PBXGroup;
			children = (
				20AB17AA1EF027250007310A /* AudioManager.swift */,
				20AB17B61EF052740007310A /* DataManager.swift */,
			);
			path = Model;
			sourceTree = "<group>";
		};
		200C4D071EF05C5C00A43CEF /* Views */ = {
			isa = PBXGroup;
			children = (
				200E234C1EEEF48D00DAA97F /* ProgressView.swift */,
				20B6F8631EF4852200DFC854 /* SignupRewardView.swift */,
				20F980511F0BFFA300E15DD5 /* InstructionsView.swift */,
				20B6F8651EF4879200DFC854 /* SignupRewardView.xib */,
			);
			name = Views;
			path = ProgressView;
			sourceTree = "<group>";
		};
		20B39FEB1F0C244E0005A085 /* Instructions */ = {
			isa = PBXGroup;
			children = (
				20F980561F0C189900E15DD5 /* TutorialViewController.swift */,
			);
			name = Instructions;
			sourceTree = "<group>";
		};
		20DED38D1EF98541001A5784 /* Dealwheel */ = {
			isa = PBXGroup;
			children = (
				20DFB9651EE72132009462CA /* SpinwheelViewController.swift */,
				20AB17B21EF0471F0007310A /* DealViewController.swift */,
			);
			path = Dealwheel;
			sourceTree = "<group>";
		};
		20DED38E1EF98549001A5784 /* Prizewheel */ = {
			isa = PBXGroup;
			children = (
				20DED38B1EF96850001A5784 /* PrizewheelViewController.swift */,
				20289A261EF81AA500DF6A0E /* PrizeViewController.swift */,
			);
			path = Prizewheel;
			sourceTree = "<group>";
		};
		20DED38F1EF9855C001A5784 /* Login */ = {
			isa = PBXGroup;
			children = (
				20DFB9751EE7433F009462CA /* LoginViewController.swift */,
			);
			path = Login;
			sourceTree = "<group>";
		};
		20DFB9451EE72097009462CA = {
			isa = PBXGroup;
			children = (
				20F423661F02DF6800E8DBBE /* Default-568h@2x.png.png */,
				20DFB9501EE72097009462CA /* Dealwheel */,
				20DFB94F1EE72097009462CA /* Products */,
				025C7A291D6400C418ED3603 /* Pods */,
				10DE76E02C088956E78A624F /* Frameworks */,
			);
			sourceTree = "<group>";
		};
		20DFB94F1EE72097009462CA /* Products */ = {
			isa = PBXGroup;
			children = (
				20DFB94E1EE72097009462CA /* Dealwheel.app */,
			);
			name = Products;
			sourceTree = "<group>";
		};
		20DFB9501EE72097009462CA /* Dealwheel */ = {
			isa = PBXGroup;
			children = (
				204B0A271EE86FD9000C6D3D /* Dealwheel.entitlements */,
				20DFB9511EE72097009462CA /* AppDelegate.swift */,
				20DED38F1EF9855C001A5784 /* Login */,
				20DED38D1EF98541001A5784 /* Dealwheel */,
				20DED38E1EF98549001A5784 /* Prizewheel */,
				20B39FEB1F0C244E0005A085 /* Instructions */,
				200C4D071EF05C5C00A43CEF /* Views */,
				200C4D061EF0584A00A43CEF /* Model */,
				20DFB9551EE72097009462CA /* Main.storyboard */,
				20DFB9581EE72097009462CA /* Assets.xcassets */,
				20F980531F0C000000E15DD5 /* Video */,
				20F97F211EE9E5D70008D13E /* Audio */,
				20DFB9741EE742E9009462CA /* Misc */,
				20DFB9731EE742E3009462CA /* Images */,
				20DFB95A1EE72097009462CA /* LaunchScreen.storyboard */,
				20DFB95D1EE72097009462CA /* Info.plist */,
			);
			path = Dealwheel;
			sourceTree = "<group>";
		};
		20DFB9731EE742E3009462CA /* Images */ = {
			isa = PBXGroup;
			children = (
				20F980541F0C187000E15DD5 /* tutorial.png */,
				20909CE81F01D33300FF0914 /* topLogo@2x.png */,
				20289A2F1EF82E7100DF6A0E /* wedge0.png */,
				20289A331EF82E7200DF6A0E /* wedge1.png */,
				20289A2A1EF82E7100DF6A0E /* wedge2.png */,
				20289A301EF82E7100DF6A0E /* wedge3.png */,
				20289A2E1EF82E7100DF6A0E /* wedge4.png */,
				20289A2C1EF82E7100DF6A0E /* wedge5.png */,
				20289A2D1EF82E7100DF6A0E /* wedge6.png */,
				20289A2B1EF82E7100DF6A0E /* wedge7.png */,
				20289A351EF82E7200DF6A0E /* wedge8.png */,
				20289A321EF82E7200DF6A0E /* wedge9.png */,
				20289A311EF82E7100DF6A0E /* wedge10.png */,
				20289A341EF82E7200DF6A0E /* wedge11.png */,
				20289A281EF822C000DF6A0E /* redeemButton@2x.png */,
				206C1C421EEB1394000CFBCE /* wedge@2x.png */,
				206C1C341EEAE642000CFBCE /* arrowGold@2x.png */,
				206C1C331EEAE642000CFBCE /* star@x.png */,
				20DFB96C1EE721D0009462CA /* bkg.jpg */,
				20DFB9711EE72245009462CA /* fblogin.png */,
				20DFB96B1EE721D0009462CA /* templogo.png */,
				20DFB96D1EE721D0009462CA /* tempwheel.png */,
			);
			path = Images;
			sourceTree = "<group>";
		};
		20DFB9741EE742E9009462CA /* Misc */ = {
			isa = PBXGroup;
			children = (
				206C1C401EEB0460000CFBCE /* DealView.swift */,
				206C1C3E1EEB0240000CFBCE /* DealView.xib */,
				20F97F151EE9DAC20008D13E /* budmo.ttf */,
				20DFB9671EE72155009462CA /* DealwheelMisc */,
			);
			path = Misc;
			sourceTree = "<group>";
		};
		20F97F211EE9E5D70008D13E /* Audio */ = {
			isa = PBXGroup;
			children = (
				20D086A21F0E9107005DF5FC /* kanye.wav */,
				20F4D2E71EFC509D00415971 /* spin.wav */,
				20AB17B41EF049F70007310A /* main.wav */,
				206309FF1EF18927001A2A77 /* 1and7.wav */,
				20630A031EF18927001A2A77 /* 2and8.wav */,
				20630A001EF18927001A2A77 /* 3and9.wav */,
				20630A021EF18927001A2A77 /* 4and10.wav */,
				20630A011EF18927001A2A77 /* 6and11.wav */,
				20630A041EF18927001A2A77 /* 7and12.wav */,
				20912F061EE8E480009AE0B1 /* tick.mp3 */,
			);
			path = Audio;
			sourceTree = "<group>";
		};
		20F980531F0C000000E15DD5 /* Video */ = {
			isa = PBXGroup;
			children = (
				2000D0181EFF026E0057DB9E /* intronew.mp4 */,
				2000D0161EFF017C0057DB9E /* intro.mp4 */,
			);
			name = Video;
			sourceTree = "<group>";
		};
/* End PBXGroup section */

/* Begin PBXNativeTarget section */
		20DFB94D1EE72097009462CA /* Dealwheel */ = {
			isa = PBXNativeTarget;
			buildConfigurationList = 20DFB9601EE72097009462CA /* Build configuration list for PBXNativeTarget "Dealwheel" */;
			buildPhases = (
				A1ADD1254B93F53B51CC9BFB /* [CP] Check Pods Manifest.lock */,
				20DFB94A1EE72097009462CA /* Sources */,
				20DFB94B1EE72097009462CA /* Frameworks */,
				20DFB94C1EE72097009462CA /* Resources */,
				71EA2131624213CF58B5C836 /* [CP] Embed Pods Frameworks */,
				FED1AD1C047F2C6BA2CAB379 /* [CP] Copy Pods Resources */,
			);
			buildRules = (
			);
			dependencies = (
			);
			name = Dealwheel;
			productName = Dealwheel;
			productReference = 20DFB94E1EE72097009462CA /* Dealwheel.app */;
			productType = "com.apple.product-type.application";
		};
/* End PBXNativeTarget section */

/* Begin PBXProject section */
		20DFB9461EE72097009462CA /* Project object */ = {
			isa = PBXProject;
			attributes = {
				LastSwiftUpdateCheck = 0900;
				LastUpgradeCheck = 0900;
				ORGANIZATIONNAME = dealwheel;
				TargetAttributes = {
					20DFB94D1EE72097009462CA = {
						CreatedOnToolsVersion = 9.0;
						LastSwiftMigration = 0830;
						ProvisioningStyle = Automatic;
						SystemCapabilities = {
							com.apple.Keychain = {
								enabled = 0;
							};
						};
					};
				};
			};
			buildConfigurationList = 20DFB9491EE72097009462CA /* Build configuration list for PBXProject "Dealwheel" */;
			compatibilityVersion = "Xcode 8.0";
			developmentRegion = en;
			hasScannedForEncodings = 0;
			knownRegions = (
				en,
				Base,
			);
			mainGroup = 20DFB9451EE72097009462CA;
			productRefGroup = 20DFB94F1EE72097009462CA /* Products */;
			projectDirPath = "";
			projectRoot = "";
			targets = (
				20DFB94D1EE72097009462CA /* Dealwheel */,
			);
		};
/* End PBXProject section */

/* Begin PBXResourcesBuildPhase section */
		20DFB94C1EE72097009462CA /* Resources */ = {
			isa = PBXResourcesBuildPhase;
			buildActionMask = 2147483647;
			files = (
				20289A3F1EF82E7200DF6A0E /* wedge1.png in Resources */,
				20F97F161EE9DAC20008D13E /* budmo.ttf in Resources */,
				20289A3A1EF82E7200DF6A0E /* wedge4.png in Resources */,
				20289A3E1EF82E7200DF6A0E /* wedge9.png in Resources */,
				20289A391EF82E7200DF6A0E /* wedge6.png in Resources */,
				20DFB9701EE721D1009462CA /* tempwheel.png in Resources */,
				2000D0171EFF017C0057DB9E /* intro.mp4 in Resources */,
				2000D0191EFF026E0057DB9E /* intronew.mp4 in Resources */,
				20F4D2E81EFC509E00415971 /* spin.wav in Resources */,
				20DFB96F1EE721D1009462CA /* bkg.jpg in Resources */,
				20289A371EF82E7200DF6A0E /* wedge7.png in Resources */,
				20630A061EF18927001A2A77 /* 3and9.wav in Resources */,
				20630A0A1EF18927001A2A77 /* 7and12.wav in Resources */,
				20289A401EF82E7200DF6A0E /* wedge11.png in Resources */,
				20909CE91F01D33400FF0914 /* topLogo@2x.png in Resources */,
				20DFB9681EE72155009462CA /* DealwheelMisc in Resources */,
				20289A3B1EF82E7200DF6A0E /* wedge0.png in Resources */,
				20289A291EF822C000DF6A0E /* redeemButton@2x.png in Resources */,
				20F980551F0C187000E15DD5 /* tutorial.png in Resources */,
				20630A081EF18927001A2A77 /* 4and10.wav in Resources */,
				20DFB95C1EE72097009462CA /* LaunchScreen.storyboard in Resources */,
				206C1C431EEB1394000CFBCE /* wedge@2x.png in Resources */,
				20630A091EF18927001A2A77 /* 2and8.wav in Resources */,
				20289A411EF82E7200DF6A0E /* wedge8.png in Resources */,
				20289A361EF82E7200DF6A0E /* wedge2.png in Resources */,
				20DFB9591EE72097009462CA /* Assets.xcassets in Resources */,
				20B6F8661EF4879200DFC854 /* SignupRewardView.xib in Resources */,
				20AB17B51EF049F70007310A /* main.wav in Resources */,
				20630A051EF18927001A2A77 /* 1and7.wav in Resources */,
				20F423671F02DF6800E8DBBE /* Default-568h@2x.png.png in Resources */,
				206C1C351EEAE642000CFBCE /* star@x.png in Resources */,
				20D086A31F0E9107005DF5FC /* kanye.wav in Resources */,
				206C1C3F1EEB0240000CFBCE /* DealView.xib in Resources */,
				20912F071EE8E480009AE0B1 /* tick.mp3 in Resources */,
				20289A381EF82E7200DF6A0E /* wedge5.png in Resources */,
				20DFB9571EE72097009462CA /* Main.storyboard in Resources */,
				20DFB96E1EE721D1009462CA /* templogo.png in Resources */,
				206C1C361EEAE642000CFBCE /* arrowGold@2x.png in Resources */,
				20630A071EF18927001A2A77 /* 6and11.wav in Resources */,
				20289A3C1EF82E7200DF6A0E /* wedge3.png in Resources */,
				20DFB9721EE72245009462CA /* fblogin.png in Resources */,
				20289A3D1EF82E7200DF6A0E /* wedge10.png in Resources */,
			);
			runOnlyForDeploymentPostprocessing = 0;
		};
/* End PBXResourcesBuildPhase section */

/* Begin PBXShellScriptBuildPhase section */
		71EA2131624213CF58B5C836 /* [CP] Embed Pods Frameworks */ = {
			isa = PBXShellScriptBuildPhase;
			buildActionMask = 2147483647;
			files = (
			);
			inputPaths = (
			);
			name = "[CP] Embed Pods Frameworks";
			outputPaths = (
			);
			runOnlyForDeploymentPostprocessing = 0;
			shellPath = /bin/sh;
			shellScript = "\"${SRCROOT}/Pods/Target Support Files/Pods-Dealwheel/Pods-Dealwheel-frameworks.sh\"\n";
			showEnvVarsInLog = 0;
		};
		A1ADD1254B93F53B51CC9BFB /* [CP] Check Pods Manifest.lock */ = {
			isa = PBXShellScriptBuildPhase;
			buildActionMask = 2147483647;
			files = (
			);
			inputPaths = (
			);
			name = "[CP] Check Pods Manifest.lock";
			outputPaths = (
			);
			runOnlyForDeploymentPostprocessing = 0;
			shellPath = /bin/sh;
			shellScript = "diff \"${PODS_ROOT}/../Podfile.lock\" \"${PODS_ROOT}/Manifest.lock\" > /dev/null\nif [ $? != 0 ] ; then\n    # print error to STDERR\n    echo \"error: The sandbox is not in sync with the Podfile.lock. Run 'pod install' or update your CocoaPods installation.\" >&2\n    exit 1\nfi\n";
			showEnvVarsInLog = 0;
		};
		FED1AD1C047F2C6BA2CAB379 /* [CP] Copy Pods Resources */ = {
			isa = PBXShellScriptBuildPhase;
			buildActionMask = 2147483647;
			files = (
			);
			inputPaths = (
			);
			name = "[CP] Copy Pods Resources";
			outputPaths = (
			);
			runOnlyForDeploymentPostprocessing = 0;
			shellPath = /bin/sh;
			shellScript = "\"${SRCROOT}/Pods/Target Support Files/Pods-Dealwheel/Pods-Dealwheel-resources.sh\"\n";
			showEnvVarsInLog = 0;
		};
/* End PBXShellScriptBuildPhase section */

/* Begin PBXSourcesBuildPhase section */
		20DFB94A1EE72097009462CA /* Sources */ = {
			isa = PBXSourcesBuildPhase;
			buildActionMask = 2147483647;
			files = (
				20DFB9521EE72097009462CA /* AppDelegate.swift in Sources */,
				20F980521F0BFFA300E15DD5 /* InstructionsView.swift in Sources */,
				20289A271EF81AA500DF6A0E /* PrizeViewController.swift in Sources */,
				20B6F8641EF4852200DFC854 /* SignupRewardView.swift in Sources */,
				20AB17B71EF052740007310A /* DataManager.swift in Sources */,
				20DFB9661EE72132009462CA /* SpinwheelViewController.swift in Sources */,
				20F980571F0C189900E15DD5 /* TutorialViewController.swift in Sources */,
				20DED38C1EF96850001A5784 /* PrizewheelViewController.swift in Sources */,
				20AB17AB1EF027250007310A /* AudioManager.swift in Sources */,
				20AB17B31EF0471F0007310A /* DealViewController.swift in Sources */,
				206C1C411EEB0460000CFBCE /* DealView.swift in Sources */,
				200E234D1EEEF48D00DAA97F /* ProgressView.swift in Sources */,
				20DFB9761EE7433F009462CA /* LoginViewController.swift in Sources */,
			);
			runOnlyForDeploymentPostprocessing = 0;
		};
/* End PBXSourcesBuildPhase section */

/* Begin PBXVariantGroup section */
		20DFB9551EE72097009462CA /* Main.storyboard */ = {
			isa = PBXVariantGroup;
			children = (
				20DFB9561EE72097009462CA /* Base */,
			);
			name = Main.storyboard;
			sourceTree = "<group>";
		};
		20DFB95A1EE72097009462CA /* LaunchScreen.storyboard */ = {
			isa = PBXVariantGroup;
			children = (
				20DFB95B1EE72097009462CA /* Base */,
			);
			name = LaunchScreen.storyboard;
			sourceTree = "<group>";
		};
/* End PBXVariantGroup section */

/* Begin XCBuildConfiguration section */
		20DFB95E1EE72097009462CA /* Debug */ = {
			isa = XCBuildConfiguration;
			buildSettings = {
				ALWAYS_SEARCH_USER_PATHS = NO;
				CLANG_ANALYZER_NONNULL = YES;
				CLANG_ANALYZER_NUMBER_OBJECT_CONVERSION = YES_AGGRESSIVE;
				CLANG_CXX_LANGUAGE_STANDARD = "gnu++14";
				CLANG_CXX_LIBRARY = "libc++";
				CLANG_ENABLE_MODULES = YES;
				CLANG_ENABLE_OBJC_ARC = YES;
				CLANG_WARN_BLOCK_CAPTURE_AUTORELEASING = YES;
				CLANG_WARN_BOOL_CONVERSION = YES;
				CLANG_WARN_COMMA = YES;
				CLANG_WARN_CONSTANT_CONVERSION = YES;
				CLANG_WARN_DIRECT_OBJC_ISA_USAGE = YES_ERROR;
				CLANG_WARN_DOCUMENTATION_COMMENTS = YES;
				CLANG_WARN_EMPTY_BODY = YES;
				CLANG_WARN_ENUM_CONVERSION = YES;
				CLANG_WARN_INFINITE_RECURSION = YES;
				CLANG_WARN_INT_CONVERSION = YES;
				CLANG_WARN_OBJC_ROOT_CLASS = YES_ERROR;
				CLANG_WARN_RANGE_LOOP_ANALYSIS = YES;
				CLANG_WARN_STRICT_PROTOTYPES = YES;
				CLANG_WARN_SUSPICIOUS_MOVE = YES;
				CLANG_WARN_UNGUARDED_AVAILABILITY = YES_AGGRESSIVE;
				CLANG_WARN_UNREACHABLE_CODE = YES;
				CLANG_WARN__DUPLICATE_METHOD_MATCH = YES;
				CODE_SIGN_IDENTITY = "iPhone Developer";
				COPY_PHASE_STRIP = NO;
				DEBUG_INFORMATION_FORMAT = dwarf;
				ENABLE_STRICT_OBJC_MSGSEND = YES;
				ENABLE_TESTABILITY = YES;
				GCC_C_LANGUAGE_STANDARD = gnu11;
				GCC_DYNAMIC_NO_PIC = NO;
				GCC_NO_COMMON_BLOCKS = YES;
				GCC_OPTIMIZATION_LEVEL = 0;
				GCC_PREPROCESSOR_DEFINITIONS = (
					"DEBUG=1",
					"$(inherited)",
				);
				GCC_WARN_64_TO_32_BIT_CONVERSION = YES;
				GCC_WARN_ABOUT_RETURN_TYPE = YES_ERROR;
				GCC_WARN_UNDECLARED_SELECTOR = YES;
				GCC_WARN_UNINITIALIZED_AUTOS = YES_AGGRESSIVE;
				GCC_WARN_UNUSED_FUNCTION = YES;
				GCC_WARN_UNUSED_VARIABLE = YES;
				IPHONEOS_DEPLOYMENT_TARGET = 11.0;
				MTL_ENABLE_DEBUG_INFO = YES;
				ONLY_ACTIVE_ARCH = YES;
				SDKROOT = iphoneos;
				SWIFT_ACTIVE_COMPILATION_CONDITIONS = DEBUG;
				SWIFT_OPTIMIZATION_LEVEL = "-Onone";
			};
			name = Debug;
		};
		20DFB95F1EE72097009462CA /* Release */ = {
			isa = XCBuildConfiguration;
			buildSettings = {
				ALWAYS_SEARCH_USER_PATHS = NO;
				CLANG_ANALYZER_NONNULL = YES;
				CLANG_ANALYZER_NUMBER_OBJECT_CONVERSION = YES_AGGRESSIVE;
				CLANG_CXX_LANGUAGE_STANDARD = "gnu++14";
				CLANG_CXX_LIBRARY = "libc++";
				CLANG_ENABLE_MODULES = YES;
				CLANG_ENABLE_OBJC_ARC = YES;
				CLANG_WARN_BLOCK_CAPTURE_AUTORELEASING = YES;
				CLANG_WARN_BOOL_CONVERSION = YES;
				CLANG_WARN_COMMA = YES;
				CLANG_WARN_CONSTANT_CONVERSION = YES;
				CLANG_WARN_DIRECT_OBJC_ISA_USAGE = YES_ERROR;
				CLANG_WARN_DOCUMENTATION_COMMENTS = YES;
				CLANG_WARN_EMPTY_BODY = YES;
				CLANG_WARN_ENUM_CONVERSION = YES;
				CLANG_WARN_INFINITE_RECURSION = YES;
				CLANG_WARN_INT_CONVERSION = YES;
				CLANG_WARN_OBJC_ROOT_CLASS = YES_ERROR;
				CLANG_WARN_RANGE_LOOP_ANALYSIS = YES;
				CLANG_WARN_STRICT_PROTOTYPES = YES;
				CLANG_WARN_SUSPICIOUS_MOVE = YES;
				CLANG_WARN_UNGUARDED_AVAILABILITY = YES_AGGRESSIVE;
				CLANG_WARN_UNREACHABLE_CODE = YES;
				CLANG_WARN__DUPLICATE_METHOD_MATCH = YES;
				CODE_SIGN_IDENTITY = "iPhone Developer";
				COPY_PHASE_STRIP = NO;
				DEBUG_INFORMATION_FORMAT = "dwarf-with-dsym";
				ENABLE_NS_ASSERTIONS = NO;
				ENABLE_STRICT_OBJC_MSGSEND = YES;
				GCC_C_LANGUAGE_STANDARD = gnu11;
				GCC_NO_COMMON_BLOCKS = YES;
				GCC_WARN_64_TO_32_BIT_CONVERSION = YES;
				GCC_WARN_ABOUT_RETURN_TYPE = YES_ERROR;
				GCC_WARN_UNDECLARED_SELECTOR = YES;
				GCC_WARN_UNINITIALIZED_AUTOS = YES_AGGRESSIVE;
				GCC_WARN_UNUSED_FUNCTION = YES;
				GCC_WARN_UNUSED_VARIABLE = YES;
				IPHONEOS_DEPLOYMENT_TARGET = 11.0;
				MTL_ENABLE_DEBUG_INFO = NO;
				SDKROOT = iphoneos;
				SWIFT_OPTIMIZATION_LEVEL = "-Owholemodule";
				VALIDATE_PRODUCT = YES;
			};
			name = Release;
		};
		20DFB9611EE72097009462CA /* Debug */ = {
			isa = XCBuildConfiguration;
			baseConfigurationReference = C8035FC775068B25F04C875E /* Pods-Dealwheel.debug.xcconfig */;
			buildSettings = {
				ASSETCATALOG_COMPILER_APPICON_NAME = AppIcon;
				CODE_SIGN_IDENTITY = "iPhone Developer";
				"CODE_SIGN_IDENTITY[sdk=iphoneos*]" = "iPhone Developer";
				DEVELOPMENT_TEAM = HL4WWQQF9X;
				INFOPLIST_FILE = Dealwheel/Info.plist;
				IPHONEOS_DEPLOYMENT_TARGET = 10.0;
				LD_RUNPATH_SEARCH_PATHS = "$(inherited) @executable_path/Frameworks";
				PRODUCT_BUNDLE_IDENTIFIER = com.dealwheelapp.Dealwheel;
				PRODUCT_NAME = "$(TARGET_NAME)";
				PROVISIONING_PROFILE = "";
				PROVISIONING_PROFILE_SPECIFIER = "";
				SWIFT_VERSION = 3.0;
				TARGETED_DEVICE_FAMILY = 1;
			};
			name = Debug;
		};
		20DFB9621EE72097009462CA /* Release */ = {
			isa = XCBuildConfiguration;
			baseConfigurationReference = FA917210A3F72F23804A55DF /* Pods-Dealwheel.release.xcconfig */;
			buildSettings = {
				ASSETCATALOG_COMPILER_APPICON_NAME = AppIcon;
				CODE_SIGN_IDENTITY = "iPhone Developer";
				"CODE_SIGN_IDENTITY[sdk=iphoneos*]" = "iPhone Developer";
				DEVELOPMENT_TEAM = HL4WWQQF9X;
				INFOPLIST_FILE = Dealwheel/Info.plist;
				IPHONEOS_DEPLOYMENT_TARGET = 10.0;
				LD_RUNPATH_SEARCH_PATHS = "$(inherited) @executable_path/Frameworks";
				PRODUCT_BUNDLE_IDENTIFIER = com.dealwheelapp.Dealwheel;
				PRODUCT_NAME = "$(TARGET_NAME)";
				PROVISIONING_PROFILE = "";
				PROVISIONING_PROFILE_SPECIFIER = "";
				SWIFT_VERSION = 3.0;
				TARGETED_DEVICE_FAMILY = 1;
			};
			name = Release;
		};
/* End XCBuildConfiguration section */

/* Begin XCConfigurationList section */
		20DFB9491EE72097009462CA /* Build configuration list for PBXProject "Dealwheel" */ = {
			isa = XCConfigurationList;
			buildConfigurations = (
				20DFB95E1EE72097009462CA /* Debug */,
				20DFB95F1EE72097009462CA /* Release */,
			);
			defaultConfigurationIsVisible = 0;
			defaultConfigurationName = Release;
		};
		20DFB9601EE72097009462CA /* Build configuration list for PBXNativeTarget "Dealwheel" */ = {
			isa = XCConfigurationList;
			buildConfigurations = (
				20DFB9611EE72097009462CA /* Debug */,
				20DFB9621EE72097009462CA /* Release */,
			);
			defaultConfigurationIsVisible = 0;
			defaultConfigurationName = Release;
		};
/* End XCConfigurationList section */
	};
	rootObject = 20DFB9461EE72097009462CA /* Project object */;
}
